schema: '2.0'
stages:
  data_ingestion:
    cmd: python src\data\data_ingestion.py
    deps:
    - path: src\data\data_ingestion.py
      hash: md5
      md5: 3cdc28af2e264b4bc40a023dadbdefc5
      size: 613
    outs:
    - path: data\raw\raw_data.csv
      hash: md5
      md5: c87e9a255ab406d5c0c6276297397dfa
      size: 115793
  data_preprocessing:
    cmd: python src\data_preprocessing\data_preprocessing.py
    deps:
    - path: data\raw\raw_data.csv
      hash: md5
      md5: c87e9a255ab406d5c0c6276297397dfa
      size: 115793
    - path: src\data_preprocessing\data_preprocessing.py
      hash: md5
      md5: fa528a5ceef806dc8b472e9d6a348a72
      size: 960
    outs:
    - path: data\processed\x_test.csv
      hash: md5
      md5: ee98469238cf06a14918c2c81213cf2a
      size: 23194
    - path: data\processed\x_train.csv
      hash: md5
      md5: 55e2713224e3842eda54ddbb2f9efdc9
      size: 92678
